
Microsoft Visual Studio Solution File, Format Version 12.00
# Visual Studio Version 17
VisualStudioVersion = 17.5.33530.505
MinimumVisualStudioVersion = 10.0.40219.1
Project("{FAE04EC0-301F-11D3-BF4B-00C04F79EFBC}") = "facebook", "facebook.csproj", "{CD7BA2EF-A768-472D-9400-8228362A7D9B}"
EndProject
Global
	GlobalSection(SolutionConfigurationPlatforms) = preSolution
		Debug|Any CPU = Debug|Any CPU
		Release|Any CPU = Release|Any CPU
	EndGlobalSection
	GlobalSection(ProjectConfigurationPlatforms) = postSolution
		{CD7BA2EF-A768-472D-9400-8228362A7D9B}.Debug|Any CPU.ActiveCfg = Debug|Any CPU
		{CD7BA2EF-A768-472D-9400-8228362A7D9B}.Debug|Any CPU.Build.0 = Debug|Any CPU
		{CD7BA2EF-A768-472D-9400-8228362A7D9B}.Release|Any CPU.ActiveCfg = Release|Any CPU
		{CD7BA2EF-A768-472D-9400-8228362A7D9B}.Release|Any CPU.Build.0 = Release|Any CPU
	EndGlobalSection
	GlobalSection(SolutionProperties) = preSolution
		HideSolutionNode = FALSE
	EndGlobalSection
	GlobalSection(ExtensibilityGlobals) = postSolution
		SolutionGuid = {E23BD44F-02FD-4704-B7C1-0B518719A744}
	EndGlobalSection
EndGlobal
